
Microsoft Visual Studio Solution File, Format Version 11.00
# Visual Studio 2010
Project("{FAE04EC0-301F-11D3-BF4B-00C04F79EFBC}") = "Assembly-CSharp", "Assembly-CSharp.csproj", "{5B9FF267-005F-A3BF-219E-FEAE2D8C894F}"
EndProject
Project("{FAE04EC0-301F-11D3-BF4B-00C04F79EFBC}") = "Unity.SysrootPackage.Editor", "Unity.SysrootPackage.Editor.csproj", "{49291c87-ad63-c13b-10a7-705ddcf036f5}"
EndProject
Project("{FAE04EC0-301F-11D3-BF4B-00C04F79EFBC}") = "Unity.Sysroot.Linux_x86_64", "Unity.Sysroot.Linux_x86_64.csproj", "{a9875a88-264d-dad8-d962-99a1ada903f1}"
EndProject
Project("{FAE04EC0-301F-11D3-BF4B-00C04F79EFBC}") = "Unity.Toolchain.Linux-x86_64", "Unity.Toolchain.Linux-x86_64.csproj", "{10360972-bd4f-54ce-166b-074c106b7e7a}"
EndProject
Global
	GlobalSection(SolutionConfigurationPlatforms) = preSolution
		Debug|Any CPU = Debug|Any CPU
		Release|Any CPU = Release|Any CPU
	EndGlobalSection
	GlobalSection(ProjectConfigurationPlatforms) = postSolution
<<<<<<< HEAD
		{e1d462b3-32c9-0b62-9a56-8f0d9b6a7363}.Debug|Any CPU.ActiveCfg = Debug|Any CPU
		{e1d462b3-32c9-0b62-9a56-8f0d9b6a7363}.Debug|Any CPU.Build.0 = Debug|Any CPU
		{e93477a5-90ab-53d4-7833-03aa90424e3e}.Debug|Any CPU.ActiveCfg = Debug|Any CPU
		{e93477a5-90ab-53d4-7833-03aa90424e3e}.Debug|Any CPU.Build.0 = Debug|Any CPU
		{448b3105-13f8-a21c-15e1-7cfa7b95e22e}.Debug|Any CPU.ActiveCfg = Debug|Any CPU
		{448b3105-13f8-a21c-15e1-7cfa7b95e22e}.Debug|Any CPU.Build.0 = Debug|Any CPU
		{83509f5c-637b-d440-65f5-0b969e5d671b}.Debug|Any CPU.ActiveCfg = Debug|Any CPU
		{83509f5c-637b-d440-65f5-0b969e5d671b}.Debug|Any CPU.Build.0 = Debug|Any CPU
		{fa1101a3-bedf-00c3-ca8d-566e6af9622a}.Debug|Any CPU.ActiveCfg = Debug|Any CPU
		{fa1101a3-bedf-00c3-ca8d-566e6af9622a}.Debug|Any CPU.Build.0 = Debug|Any CPU
		{8c0617e9-7ed2-3dd6-fbe7-0f1cb2359e6c}.Debug|Any CPU.ActiveCfg = Debug|Any CPU
		{8c0617e9-7ed2-3dd6-fbe7-0f1cb2359e6c}.Debug|Any CPU.Build.0 = Debug|Any CPU
		{f80c7ca2-7985-3a29-71e3-8f123ee65988}.Debug|Any CPU.ActiveCfg = Debug|Any CPU
		{f80c7ca2-7985-3a29-71e3-8f123ee65988}.Debug|Any CPU.Build.0 = Debug|Any CPU
		{3820410b-957a-20e5-4087-03b1620213ec}.Debug|Any CPU.ActiveCfg = Debug|Any CPU
		{3820410b-957a-20e5-4087-03b1620213ec}.Debug|Any CPU.Build.0 = Debug|Any CPU
		{65f93d60-f580-994f-9e57-2d30c91106e4}.Debug|Any CPU.ActiveCfg = Debug|Any CPU
		{65f93d60-f580-994f-9e57-2d30c91106e4}.Debug|Any CPU.Build.0 = Debug|Any CPU
		{67f29f5b-5f00-bfa3-219e-feae2d8c894f}.Debug|Any CPU.ActiveCfg = Debug|Any CPU
		{67f29f5b-5f00-bfa3-219e-feae2d8c894f}.Debug|Any CPU.Build.0 = Debug|Any CPU
		{13c4e755-c14e-6c13-15ad-83accedad3fb}.Debug|Any CPU.ActiveCfg = Debug|Any CPU
		{13c4e755-c14e-6c13-15ad-83accedad3fb}.Debug|Any CPU.Build.0 = Debug|Any CPU
		{6046a9c8-51c0-4626-2fbc-fbaf85c98a55}.Debug|Any CPU.ActiveCfg = Debug|Any CPU
		{6046a9c8-51c0-4626-2fbc-fbaf85c98a55}.Debug|Any CPU.Build.0 = Debug|Any CPU
		{248bdb64-a943-bf79-4fb8-0b138f48c4f8}.Debug|Any CPU.ActiveCfg = Debug|Any CPU
		{248bdb64-a943-bf79-4fb8-0b138f48c4f8}.Debug|Any CPU.Build.0 = Debug|Any CPU
		{1d30e98d-7239-2f77-2756-2c13a7b15278}.Debug|Any CPU.ActiveCfg = Debug|Any CPU
		{1d30e98d-7239-2f77-2756-2c13a7b15278}.Debug|Any CPU.Build.0 = Debug|Any CPU
		{77e8836b-0712-331e-aca6-b2a122b5a702}.Debug|Any CPU.ActiveCfg = Debug|Any CPU
		{77e8836b-0712-331e-aca6-b2a122b5a702}.Debug|Any CPU.Build.0 = Debug|Any CPU
		{5088bdc6-82c8-af1d-0b08-3f8a02859e17}.Debug|Any CPU.ActiveCfg = Debug|Any CPU
		{5088bdc6-82c8-af1d-0b08-3f8a02859e17}.Debug|Any CPU.Build.0 = Debug|Any CPU
		{8941f084-7915-d33d-cc6b-8a843303ff24}.Debug|Any CPU.ActiveCfg = Debug|Any CPU
		{8941f084-7915-d33d-cc6b-8a843303ff24}.Debug|Any CPU.Build.0 = Debug|Any CPU
		{9982d936-5d69-36b7-18ac-d0f7035d1677}.Debug|Any CPU.ActiveCfg = Debug|Any CPU
		{9982d936-5d69-36b7-18ac-d0f7035d1677}.Debug|Any CPU.Build.0 = Debug|Any CPU
		{09d27bc8-a725-a754-4e4c-241d72148f5a}.Debug|Any CPU.ActiveCfg = Debug|Any CPU
		{09d27bc8-a725-a754-4e4c-241d72148f5a}.Debug|Any CPU.Build.0 = Debug|Any CPU
		{b6b0e2cf-66f7-d0df-18e3-41b175f9f015}.Debug|Any CPU.ActiveCfg = Debug|Any CPU
		{b6b0e2cf-66f7-d0df-18e3-41b175f9f015}.Debug|Any CPU.Build.0 = Debug|Any CPU
		{0bf2dfae-f820-d3a7-5c92-b88a0152579b}.Debug|Any CPU.ActiveCfg = Debug|Any CPU
		{0bf2dfae-f820-d3a7-5c92-b88a0152579b}.Debug|Any CPU.Build.0 = Debug|Any CPU
		{89035de6-e8bc-cb7e-036a-c1f8b6ce8e2a}.Debug|Any CPU.ActiveCfg = Debug|Any CPU
		{89035de6-e8bc-cb7e-036a-c1f8b6ce8e2a}.Debug|Any CPU.Build.0 = Debug|Any CPU
		{c85e24bc-a5c0-08be-461b-7222f356585a}.Debug|Any CPU.ActiveCfg = Debug|Any CPU
		{c85e24bc-a5c0-08be-461b-7222f356585a}.Debug|Any CPU.Build.0 = Debug|Any CPU
		{e9200d4a-c116-831d-f55c-16411814471a}.Debug|Any CPU.ActiveCfg = Debug|Any CPU
		{e9200d4a-c116-831d-f55c-16411814471a}.Debug|Any CPU.Build.0 = Debug|Any CPU
		{f7dc0242-1430-1a6e-baf5-116440acd488}.Debug|Any CPU.ActiveCfg = Debug|Any CPU
		{f7dc0242-1430-1a6e-baf5-116440acd488}.Debug|Any CPU.Build.0 = Debug|Any CPU
		{82623d70-0ad8-e437-6dd9-2e0588c11b4c}.Debug|Any CPU.ActiveCfg = Debug|Any CPU
		{82623d70-0ad8-e437-6dd9-2e0588c11b4c}.Debug|Any CPU.Build.0 = Debug|Any CPU
		{a1faa24a-3c8f-18ac-46a2-628002ae0540}.Debug|Any CPU.ActiveCfg = Debug|Any CPU
		{a1faa24a-3c8f-18ac-46a2-628002ae0540}.Debug|Any CPU.Build.0 = Debug|Any CPU
		{d4c1410d-90b5-82c9-3f79-557035963732}.Debug|Any CPU.ActiveCfg = Debug|Any CPU
		{d4c1410d-90b5-82c9-3f79-557035963732}.Debug|Any CPU.Build.0 = Debug|Any CPU
		{b9bf0b68-f1b8-06fd-3bdd-a743f550efa1}.Debug|Any CPU.ActiveCfg = Debug|Any CPU
		{b9bf0b68-f1b8-06fd-3bdd-a743f550efa1}.Debug|Any CPU.Build.0 = Debug|Any CPU
		{3fab8b67-ef54-2447-c44b-12a1c8283d24}.Debug|Any CPU.ActiveCfg = Debug|Any CPU
		{3fab8b67-ef54-2447-c44b-12a1c8283d24}.Debug|Any CPU.Build.0 = Debug|Any CPU
		{64301f4d-3668-aac8-d0bd-ff8fa8dca454}.Debug|Any CPU.ActiveCfg = Debug|Any CPU
		{64301f4d-3668-aac8-d0bd-ff8fa8dca454}.Debug|Any CPU.Build.0 = Debug|Any CPU
		{7ed128e3-8cf6-4b32-e602-37b5c466c6d4}.Debug|Any CPU.ActiveCfg = Debug|Any CPU
		{7ed128e3-8cf6-4b32-e602-37b5c466c6d4}.Debug|Any CPU.Build.0 = Debug|Any CPU
		{237ed695-c898-ca87-1182-9b6fd5955f11}.Debug|Any CPU.ActiveCfg = Debug|Any CPU
		{237ed695-c898-ca87-1182-9b6fd5955f11}.Debug|Any CPU.Build.0 = Debug|Any CPU
		{49291c87-ad63-c13b-10a7-705ddcf036f5}.Debug|Any CPU.ActiveCfg = Debug|Any CPU
		{49291c87-ad63-c13b-10a7-705ddcf036f5}.Debug|Any CPU.Build.0 = Debug|Any CPU
		{a9875a88-264d-dad8-d962-99a1ada903f1}.Debug|Any CPU.ActiveCfg = Debug|Any CPU
		{a9875a88-264d-dad8-d962-99a1ada903f1}.Debug|Any CPU.Build.0 = Debug|Any CPU
		{10360972-bd4f-54ce-166b-074c106b7e7a}.Debug|Any CPU.ActiveCfg = Debug|Any CPU
		{10360972-bd4f-54ce-166b-074c106b7e7a}.Debug|Any CPU.Build.0 = Debug|Any CPU
=======
		{5B9FF267-005F-A3BF-219E-FEAE2D8C894F}.Debug|Any CPU.ActiveCfg = Debug|Any CPU
		{5B9FF267-005F-A3BF-219E-FEAE2D8C894F}.Debug|Any CPU.Build.0 = Debug|Any CPU
		{5B9FF267-005F-A3BF-219E-FEAE2D8C894F}.Release|Any CPU.ActiveCfg = Release|Any CPU
		{5B9FF267-005F-A3BF-219E-FEAE2D8C894F}.Release|Any CPU.Build.0 = Release|Any CPU
>>>>>>> cb7d8a1a1639483fc5bdcfe6bd324d73f8aa31f6
	EndGlobalSection
	GlobalSection(SolutionProperties) = preSolution
		HideSolutionNode = FALSE
	EndGlobalSection
EndGlobal
